// !$*UTF8*$!
{
	archiveVersion = 1;
	classes = {
	};
	objectVersion = 56;
	objects = {

/* Begin PBXBuildFile section */
		876745A62C597BD000AC66C4 /* MovieDetailsViewController.swift in Sources */ = {isa = PBXBuildFile; fileRef = 876745A52C597BD000AC66C4 /* MovieDetailsViewController.swift */; };
		876745A82C597BE900AC66C4 /* MovieDetailsViewModel.swift in Sources */ = {isa = PBXBuildFile; fileRef = 876745A72C597BE900AC66C4 /* MovieDetailsViewModel.swift */; };
		876745AA2C597BFA00AC66C4 /* MovieDetailsFactory.swift in Sources */ = {isa = PBXBuildFile; fileRef = 876745A92C597BFA00AC66C4 /* MovieDetailsFactory.swift */; };
		876745AC2C597C1300AC66C4 /* MovieDetailsRepository.swift in Sources */ = {isa = PBXBuildFile; fileRef = 876745AB2C597C1300AC66C4 /* MovieDetailsRepository.swift */; };
		876745AE2C59822400AC66C4 /* MoviesListRouter.swift in Sources */ = {isa = PBXBuildFile; fileRef = 876745AD2C59822400AC66C4 /* MoviesListRouter.swift */; };
		877237A82C58149400E3908C /* AppDelegate.swift in Sources */ = {isa = PBXBuildFile; fileRef = 877237A72C58149400E3908C /* AppDelegate.swift */; };
		877237AA2C58149400E3908C /* SceneDelegate.swift in Sources */ = {isa = PBXBuildFile; fileRef = 877237A92C58149400E3908C /* SceneDelegate.swift */; };
		877237AC2C58149400E3908C /* MoviesListViewController.swift in Sources */ = {isa = PBXBuildFile; fileRef = 877237AB2C58149400E3908C /* MoviesListViewController.swift */; };
		877237B12C58149600E3908C /* Assets.xcassets in Resources */ = {isa = PBXBuildFile; fileRef = 877237B02C58149600E3908C /* Assets.xcassets */; };
		877237B42C58149600E3908C /* LaunchScreen.storyboard in Resources */ = {isa = PBXBuildFile; fileRef = 877237B22C58149600E3908C /* LaunchScreen.storyboard */; };
		877237CE2C58199700E3908C /* MoviesListViewFactory.swift in Sources */ = {isa = PBXBuildFile; fileRef = 877237CD2C58199700E3908C /* MoviesListViewFactory.swift */; };
		877237D22C5819A600E3908C /* ViewFactoryProtocol.swift in Sources */ = {isa = PBXBuildFile; fileRef = 877237D12C5819A600E3908C /* ViewFactoryProtocol.swift */; };
		877237D52C5819D700E3908C /* MoviesListViewModel.swift in Sources */ = {isa = PBXBuildFile; fileRef = 877237D42C5819D700E3908C /* MoviesListViewModel.swift */; };
		877237F32C58FBA600E3908C /* NetworkServiceProtocol.swift in Sources */ = {isa = PBXBuildFile; fileRef = 877237F22C58FBA600E3908C /* NetworkServiceProtocol.swift */; };
		877237F62C58FBC900E3908C /* Endpoint.swift in Sources */ = {isa = PBXBuildFile; fileRef = 877237F52C58FBC900E3908C /* Endpoint.swift */; };
		877237F92C58FBD900E3908C /* Alamofire in Frameworks */ = {isa = PBXBuildFile; productRef = 877237F82C58FBD900E3908C /* Alamofire */; };
		877237FB2C58FBD900E3908C /* AlamofireDynamic in Frameworks */ = {isa = PBXBuildFile; productRef = 877237FA2C58FBD900E3908C /* AlamofireDynamic */; };
		877237FE2C58FBFD00E3908C /* APIConstants.swift in Sources */ = {isa = PBXBuildFile; fileRef = 877237FD2C58FBFD00E3908C /* APIConstants.swift */; };
		877238002C58FC2C00E3908C /* AlamofireNetworkManager.swift in Sources */ = {isa = PBXBuildFile; fileRef = 877237FF2C58FC2C00E3908C /* AlamofireNetworkManager.swift */; };
		877238042C58FC5E00E3908C /* MoviesListRepository.swift in Sources */ = {isa = PBXBuildFile; fileRef = 877238032C58FC5E00E3908C /* MoviesListRepository.swift */; };
		877238082C58FD0C00E3908C /* Movie.swift in Sources */ = {isa = PBXBuildFile; fileRef = 877238072C58FD0C00E3908C /* Movie.swift */; };
		8772380A2C5902E400E3908C /* NetworkErrors.swift in Sources */ = {isa = PBXBuildFile; fileRef = 877238092C5902E400E3908C /* NetworkErrors.swift */; };
		8772380E2C5905E800E3908C /* MoviesEndpoint.swift in Sources */ = {isa = PBXBuildFile; fileRef = 8772380D2C5905E800E3908C /* MoviesEndpoint.swift */; };
		877238112C592DA300E3908C /* Kingfisher in Frameworks */ = {isa = PBXBuildFile; productRef = 877238102C592DA300E3908C /* Kingfisher */; };
		877238142C592DB600E3908C /* MovieCollectionViewCell.swift in Sources */ = {isa = PBXBuildFile; fileRef = 877238132C592DB600E3908C /* MovieCollectionViewCell.swift */; };
		877238192C592E7D00E3908C /* UIImageView.swift in Sources */ = {isa = PBXBuildFile; fileRef = 877238182C592E7D00E3908C /* UIImageView.swift */; };
		8772381B2C592F2100E3908C /* AppConstants.swift in Sources */ = {isa = PBXBuildFile; fileRef = 8772381A2C592F2100E3908C /* AppConstants.swift */; };
		8772381D2C5933EC00E3908C /* AlertFactory.swift in Sources */ = {isa = PBXBuildFile; fileRef = 8772381C2C5933EC00E3908C /* AlertFactory.swift */; };
		87C0871F2C5A90BA00366F73 /* MockNetworkService.swift in Sources */ = {isa = PBXBuildFile; fileRef = 87C0871E2C5A90BA00366F73 /* MockNetworkService.swift */; };
		87C087212C5A915D00366F73 /* NetworkTests.swift in Sources */ = {isa = PBXBuildFile; fileRef = 87C087202C5A915D00366F73 /* NetworkTests.swift */; };
		87C087232C5A91D600366F73 /* MoviesListFactoryTests.swift in Sources */ = {isa = PBXBuildFile; fileRef = 87C087222C5A91D600366F73 /* MoviesListFactoryTests.swift */; };
		87C087252C5A91E800366F73 /* MovieDetailsFactoryTests.swift in Sources */ = {isa = PBXBuildFile; fileRef = 87C087242C5A91E800366F73 /* MovieDetailsFactoryTests.swift */; };
		87C087272C5A91F300366F73 /* MoviesListRepositoryTests.swift in Sources */ = {isa = PBXBuildFile; fileRef = 87C087262C5A91F300366F73 /* MoviesListRepositoryTests.swift */; };
		87C087292C5A91FC00366F73 /* MovieDetailsRepositoryTests.swift in Sources */ = {isa = PBXBuildFile; fileRef = 87C087282C5A91FC00366F73 /* MovieDetailsRepositoryTests.swift */; };
		87C087312C5AA3D200366F73 /* MockEndpoint.swift in Sources */ = {isa = PBXBuildFile; fileRef = 87C087302C5AA3D200366F73 /* MockEndpoint.swift */; };
		87C087332C5AA7FD00366F73 /* MockModel.swift in Sources */ = {isa = PBXBuildFile; fileRef = 87C087322C5AA7FD00366F73 /* MockModel.swift */; };
		87C087372C5AA9B600366F73 /* MockMoviesListFactory.swift in Sources */ = {isa = PBXBuildFile; fileRef = 87C087362C5AA9B600366F73 /* MockMoviesListFactory.swift */; };
		87C0873A2C5AAA0200366F73 /* MockMoviesListViewController.swift in Sources */ = {isa = PBXBuildFile; fileRef = 87C087392C5AAA0200366F73 /* MockMoviesListViewController.swift */; };
		87C0873C2C5AAB4B00366F73 /* MockMovieDetailsViewController.swift in Sources */ = {isa = PBXBuildFile; fileRef = 87C0873B2C5AAB4B00366F73 /* MockMovieDetailsViewController.swift */; };
		87C0873E2C5AAB5800366F73 /* MockMovieDetailsFactory.swift in Sources */ = {isa = PBXBuildFile; fileRef = 87C0873D2C5AAB5800366F73 /* MockMovieDetailsFactory.swift */; };
/* End PBXBuildFile section */

/* Begin PBXContainerItemProxy section */
		876745B72C5988D200AC66C4 /* PBXContainerItemProxy */ = {
			isa = PBXContainerItemProxy;
			containerPortal = 8772379C2C58149400E3908C /* Project object */;
			proxyType = 1;
			remoteGlobalIDString = 877237A32C58149400E3908C;
			remoteInfo = "Vama-Task";
		};
/* End PBXContainerItemProxy section */

/* Begin PBXFileReference section */
		876745A52C597BD000AC66C4 /* MovieDetailsViewController.swift */ = {isa = PBXFileReference; lastKnownFileType = sourcecode.swift; path = MovieDetailsViewController.swift; sourceTree = "<group>"; };
		876745A72C597BE900AC66C4 /* MovieDetailsViewModel.swift */ = {isa = PBXFileReference; lastKnownFileType = sourcecode.swift; path = MovieDetailsViewModel.swift; sourceTree = "<group>"; };
		876745A92C597BFA00AC66C4 /* MovieDetailsFactory.swift */ = {isa = PBXFileReference; lastKnownFileType = sourcecode.swift; path = MovieDetailsFactory.swift; sourceTree = "<group>"; };
		876745AB2C597C1300AC66C4 /* MovieDetailsRepository.swift */ = {isa = PBXFileReference; lastKnownFileType = sourcecode.swift; path = MovieDetailsRepository.swift; sourceTree = "<group>"; };
		876745AD2C59822400AC66C4 /* MoviesListRouter.swift */ = {isa = PBXFileReference; lastKnownFileType = sourcecode.swift; path = MoviesListRouter.swift; sourceTree = "<group>"; };
		876745B32C5988D200AC66C4 /* Vama-TaskTests.xctest */ = {isa = PBXFileReference; explicitFileType = wrapper.cfbundle; includeInIndex = 0; path = "Vama-TaskTests.xctest"; sourceTree = BUILT_PRODUCTS_DIR; };
		877237A42C58149400E3908C /* Vama-Task.app */ = {isa = PBXFileReference; explicitFileType = wrapper.application; includeInIndex = 0; path = "Vama-Task.app"; sourceTree = BUILT_PRODUCTS_DIR; };
		877237A72C58149400E3908C /* AppDelegate.swift */ = {isa = PBXFileReference; lastKnownFileType = sourcecode.swift; path = AppDelegate.swift; sourceTree = "<group>"; };
		877237A92C58149400E3908C /* SceneDelegate.swift */ = {isa = PBXFileReference; lastKnownFileType = sourcecode.swift; path = SceneDelegate.swift; sourceTree = "<group>"; };
		877237AB2C58149400E3908C /* MoviesListViewController.swift */ = {isa = PBXFileReference; lastKnownFileType = sourcecode.swift; path = MoviesListViewController.swift; sourceTree = "<group>"; };
		877237B02C58149600E3908C /* Assets.xcassets */ = {isa = PBXFileReference; lastKnownFileType = folder.assetcatalog; path = Assets.xcassets; sourceTree = "<group>"; };
		877237B32C58149600E3908C /* Base */ = {isa = PBXFileReference; lastKnownFileType = file.storyboard; name = Base; path = Base.lproj/LaunchScreen.storyboard; sourceTree = "<group>"; };
		877237B52C58149600E3908C /* Info.plist */ = {isa = PBXFileReference; lastKnownFileType = text.plist.xml; path = Info.plist; sourceTree = "<group>"; };
		877237CD2C58199700E3908C /* MoviesListViewFactory.swift */ = {isa = PBXFileReference; lastKnownFileType = sourcecode.swift; path = MoviesListViewFactory.swift; sourceTree = "<group>"; };
		877237D12C5819A600E3908C /* ViewFactoryProtocol.swift */ = {isa = PBXFileReference; lastKnownFileType = sourcecode.swift; path = ViewFactoryProtocol.swift; sourceTree = "<group>"; };
		877237D42C5819D700E3908C /* MoviesListViewModel.swift */ = {isa = PBXFileReference; lastKnownFileType = sourcecode.swift; path = MoviesListViewModel.swift; sourceTree = "<group>"; };
		877237F22C58FBA600E3908C /* NetworkServiceProtocol.swift */ = {isa = PBXFileReference; lastKnownFileType = sourcecode.swift; path = NetworkServiceProtocol.swift; sourceTree = "<group>"; };
		877237F52C58FBC900E3908C /* Endpoint.swift */ = {isa = PBXFileReference; lastKnownFileType = sourcecode.swift; path = Endpoint.swift; sourceTree = "<group>"; };
		877237FD2C58FBFD00E3908C /* APIConstants.swift */ = {isa = PBXFileReference; lastKnownFileType = sourcecode.swift; path = APIConstants.swift; sourceTree = "<group>"; };
		877237FF2C58FC2C00E3908C /* AlamofireNetworkManager.swift */ = {isa = PBXFileReference; lastKnownFileType = sourcecode.swift; path = AlamofireNetworkManager.swift; sourceTree = "<group>"; };
		877238032C58FC5E00E3908C /* MoviesListRepository.swift */ = {isa = PBXFileReference; lastKnownFileType = sourcecode.swift; path = MoviesListRepository.swift; sourceTree = "<group>"; };
		877238072C58FD0C00E3908C /* Movie.swift */ = {isa = PBXFileReference; lastKnownFileType = sourcecode.swift; path = Movie.swift; sourceTree = "<group>"; };
		877238092C5902E400E3908C /* NetworkErrors.swift */ = {isa = PBXFileReference; lastKnownFileType = sourcecode.swift; path = NetworkErrors.swift; sourceTree = "<group>"; };
		8772380D2C5905E800E3908C /* MoviesEndpoint.swift */ = {isa = PBXFileReference; lastKnownFileType = sourcecode.swift; path = MoviesEndpoint.swift; sourceTree = "<group>"; };
		877238132C592DB600E3908C /* MovieCollectionViewCell.swift */ = {isa = PBXFileReference; fileEncoding = 4; lastKnownFileType = sourcecode.swift; path = MovieCollectionViewCell.swift; sourceTree = "<group>"; };
		877238182C592E7D00E3908C /* UIImageView.swift */ = {isa = PBXFileReference; lastKnownFileType = sourcecode.swift; path = UIImageView.swift; sourceTree = "<group>"; };
		8772381A2C592F2100E3908C /* AppConstants.swift */ = {isa = PBXFileReference; lastKnownFileType = sourcecode.swift; path = AppConstants.swift; sourceTree = "<group>"; };
		8772381C2C5933EC00E3908C /* AlertFactory.swift */ = {isa = PBXFileReference; lastKnownFileType = sourcecode.swift; path = AlertFactory.swift; sourceTree = "<group>"; };
		87C0871E2C5A90BA00366F73 /* MockNetworkService.swift */ = {isa = PBXFileReference; lastKnownFileType = sourcecode.swift; path = MockNetworkService.swift; sourceTree = "<group>"; };
		87C087202C5A915D00366F73 /* NetworkTests.swift */ = {isa = PBXFileReference; lastKnownFileType = sourcecode.swift; path = NetworkTests.swift; sourceTree = "<group>"; };
		87C087222C5A91D600366F73 /* MoviesListFactoryTests.swift */ = {isa = PBXFileReference; lastKnownFileType = sourcecode.swift; path = MoviesListFactoryTests.swift; sourceTree = "<group>"; };
		87C087242C5A91E800366F73 /* MovieDetailsFactoryTests.swift */ = {isa = PBXFileReference; lastKnownFileType = sourcecode.swift; path = MovieDetailsFactoryTests.swift; sourceTree = "<group>"; };
		87C087262C5A91F300366F73 /* MoviesListRepositoryTests.swift */ = {isa = PBXFileReference; lastKnownFileType = sourcecode.swift; path = MoviesListRepositoryTests.swift; sourceTree = "<group>"; };
		87C087282C5A91FC00366F73 /* MovieDetailsRepositoryTests.swift */ = {isa = PBXFileReference; lastKnownFileType = sourcecode.swift; path = MovieDetailsRepositoryTests.swift; sourceTree = "<group>"; };
		87C087302C5AA3D200366F73 /* MockEndpoint.swift */ = {isa = PBXFileReference; lastKnownFileType = sourcecode.swift; path = MockEndpoint.swift; sourceTree = "<group>"; };
		87C087322C5AA7FD00366F73 /* MockModel.swift */ = {isa = PBXFileReference; lastKnownFileType = sourcecode.swift; path = MockModel.swift; sourceTree = "<group>"; };
		87C087362C5AA9B600366F73 /* MockMoviesListFactory.swift */ = {isa = PBXFileReference; lastKnownFileType = sourcecode.swift; path = MockMoviesListFactory.swift; sourceTree = "<group>"; };
		87C087392C5AAA0200366F73 /* MockMoviesListViewController.swift */ = {isa = PBXFileReference; lastKnownFileType = sourcecode.swift; path = MockMoviesListViewController.swift; sourceTree = "<group>"; };
		87C0873B2C5AAB4B00366F73 /* MockMovieDetailsViewController.swift */ = {isa = PBXFileReference; lastKnownFileType = sourcecode.swift; path = MockMovieDetailsViewController.swift; sourceTree = "<group>"; };
		87C0873D2C5AAB5800366F73 /* MockMovieDetailsFactory.swift */ = {isa = PBXFileReference; lastKnownFileType = sourcecode.swift; path = MockMovieDetailsFactory.swift; sourceTree = "<group>"; };
/* End PBXFileReference section */

/* Begin PBXFrameworksBuildPhase section */
		876745B02C5988D200AC66C4 /* Frameworks */ = {
			isa = PBXFrameworksBuildPhase;
			buildActionMask = 2147483647;
			files = (
			);
			runOnlyForDeploymentPostprocessing = 0;
		};
		877237A12C58149400E3908C /* Frameworks */ = {
			isa = PBXFrameworksBuildPhase;
			buildActionMask = 2147483647;
			files = (
				877238112C592DA300E3908C /* Kingfisher in Frameworks */,
				877237F92C58FBD900E3908C /* Alamofire in Frameworks */,
				877237FB2C58FBD900E3908C /* AlamofireDynamic in Frameworks */,
			);
			runOnlyForDeploymentPostprocessing = 0;
		};
/* End PBXFrameworksBuildPhase section */

/* Begin PBXGroup section */
		876745B42C5988D200AC66C4 /* Vama-TaskTests */ = {
			isa = PBXGroup;
			children = (
				87C0871D2C5A90AF00366F73 /* Helpers */,
				876745BF2C5988E700AC66C4 /* Network */,
				876745BE2C5988DF00AC66C4 /* Factories */,
				876745BD2C5988DC00AC66C4 /* Repositories */,
				876745BC2C5988D900AC66C4 /* ViewModels */,
			);
			path = "Vama-TaskTests";
			sourceTree = "<group>";
		};
		876745BC2C5988D900AC66C4 /* ViewModels */ = {
			isa = PBXGroup;
			children = (
			);
			path = ViewModels;
			sourceTree = "<group>";
		};
		876745BD2C5988DC00AC66C4 /* Repositories */ = {
			isa = PBXGroup;
			children = (
				87C087262C5A91F300366F73 /* MoviesListRepositoryTests.swift */,
				87C087282C5A91FC00366F73 /* MovieDetailsRepositoryTests.swift */,
			);
			path = Repositories;
			sourceTree = "<group>";
		};
		876745BE2C5988DF00AC66C4 /* Factories */ = {
			isa = PBXGroup;
			children = (
				87C087222C5A91D600366F73 /* MoviesListFactoryTests.swift */,
				87C087242C5A91E800366F73 /* MovieDetailsFactoryTests.swift */,
			);
			path = Factories;
			sourceTree = "<group>";
		};
		876745BF2C5988E700AC66C4 /* Network */ = {
			isa = PBXGroup;
			children = (
				87C087202C5A915D00366F73 /* NetworkTests.swift */,
			);
			path = Network;
			sourceTree = "<group>";
		};
		8772379B2C58149400E3908C = {
			isa = PBXGroup;
			children = (
				877237A62C58149400E3908C /* Vama-Task */,
				876745B42C5988D200AC66C4 /* Vama-TaskTests */,
				877237A52C58149400E3908C /* Products */,
			);
			sourceTree = "<group>";
		};
		877237A52C58149400E3908C /* Products */ = {
			isa = PBXGroup;
			children = (
				877237A42C58149400E3908C /* Vama-Task.app */,
				876745B32C5988D200AC66C4 /* Vama-TaskTests.xctest */,
			);
			name = Products;
			sourceTree = "<group>";
		};
		877237A62C58149400E3908C /* Vama-Task */ = {
			isa = PBXGroup;
			children = (
				877238172C592E6800E3908C /* Extensions */,
				877237CA2C58192E00E3908C /* Core */,
				877237FC2C58FBE700E3908C /* Utilities */,
				877237CF2C58199C00E3908C /* Helpers */,
				877237CB2C58198D00E3908C /* Services */,
				877238052C58FD0300E3908C /* Models */,
				877237D32C5819BC00E3908C /* Scenes */,
				877237B02C58149600E3908C /* Assets.xcassets */,
				877237B52C58149600E3908C /* Info.plist */,
			);
			path = "Vama-Task";
			sourceTree = "<group>";
		};
		877237CA2C58192E00E3908C /* Core */ = {
			isa = PBXGroup;
			children = (
				877237A72C58149400E3908C /* AppDelegate.swift */,
				877237A92C58149400E3908C /* SceneDelegate.swift */,
				877237B22C58149600E3908C /* LaunchScreen.storyboard */,
			);
			path = Core;
			sourceTree = "<group>";
		};
		877237CB2C58198D00E3908C /* Services */ = {
			isa = PBXGroup;
			children = (
				8772380C2C5905DA00E3908C /* Endpoints */,
				877238022C58FC5600E3908C /* Repositories */,
				877237CC2C58199100E3908C /* Factories */,
				877237F42C58FBB200E3908C /* Protocols */,
				877237F12C58FBA000E3908C /* Network */,
			);
			path = Services;
			sourceTree = "<group>";
		};
		877237CC2C58199100E3908C /* Factories */ = {
			isa = PBXGroup;
			children = (
				877237CD2C58199700E3908C /* MoviesListViewFactory.swift */,
				876745A92C597BFA00AC66C4 /* MovieDetailsFactory.swift */,
			);
			path = Factories;
			sourceTree = "<group>";
		};
		877237CF2C58199C00E3908C /* Helpers */ = {
			isa = PBXGroup;
			children = (
				877237D02C58199E00E3908C /* Protocols */,
				877238092C5902E400E3908C /* NetworkErrors.swift */,
				8772381C2C5933EC00E3908C /* AlertFactory.swift */,
			);
			path = Helpers;
			sourceTree = "<group>";
		};
		877237D02C58199E00E3908C /* Protocols */ = {
			isa = PBXGroup;
			children = (
				877237D12C5819A600E3908C /* ViewFactoryProtocol.swift */,
			);
			path = Protocols;
			sourceTree = "<group>";
		};
		877237D32C5819BC00E3908C /* Scenes */ = {
			isa = PBXGroup;
			children = (
				8772380B2C59040900E3908C /* MovieDetails */,
				877238012C58FC4D00E3908C /* Main */,
			);
			path = Scenes;
			sourceTree = "<group>";
		};
		877237F12C58FBA000E3908C /* Network */ = {
			isa = PBXGroup;
			children = (
				877237FF2C58FC2C00E3908C /* AlamofireNetworkManager.swift */,
			);
			path = Network;
			sourceTree = "<group>";
		};
		877237F42C58FBB200E3908C /* Protocols */ = {
			isa = PBXGroup;
			children = (
				877237F22C58FBA600E3908C /* NetworkServiceProtocol.swift */,
				877237F52C58FBC900E3908C /* Endpoint.swift */,
			);
			path = Protocols;
			sourceTree = "<group>";
		};
		877237FC2C58FBE700E3908C /* Utilities */ = {
			isa = PBXGroup;
			children = (
				877237FD2C58FBFD00E3908C /* APIConstants.swift */,
				8772381A2C592F2100E3908C /* AppConstants.swift */,
			);
			path = Utilities;
			sourceTree = "<group>";
		};
		877238012C58FC4D00E3908C /* Main */ = {
			isa = PBXGroup;
			children = (
				877238122C592DB100E3908C /* MovieCollectionViewCell */,
				877237AB2C58149400E3908C /* MoviesListViewController.swift */,
				877237D42C5819D700E3908C /* MoviesListViewModel.swift */,
				876745AD2C59822400AC66C4 /* MoviesListRouter.swift */,
			);
			path = Main;
			sourceTree = "<group>";
		};
		877238022C58FC5600E3908C /* Repositories */ = {
			isa = PBXGroup;
			children = (
				877238032C58FC5E00E3908C /* MoviesListRepository.swift */,
				876745AB2C597C1300AC66C4 /* MovieDetailsRepository.swift */,
			);
			path = Repositories;
			sourceTree = "<group>";
		};
		877238052C58FD0300E3908C /* Models */ = {
			isa = PBXGroup;
			children = (
				877238072C58FD0C00E3908C /* Movie.swift */,
			);
			path = Models;
			sourceTree = "<group>";
		};
		8772380B2C59040900E3908C /* MovieDetails */ = {
			isa = PBXGroup;
			children = (
				876745A52C597BD000AC66C4 /* MovieDetailsViewController.swift */,
				876745A72C597BE900AC66C4 /* MovieDetailsViewModel.swift */,
			);
			path = MovieDetails;
			sourceTree = "<group>";
		};
		8772380C2C5905DA00E3908C /* Endpoints */ = {
			isa = PBXGroup;
			children = (
				8772380D2C5905E800E3908C /* MoviesEndpoint.swift */,
			);
			path = Endpoints;
			sourceTree = "<group>";
		};
		877238122C592DB100E3908C /* MovieCollectionViewCell */ = {
			isa = PBXGroup;
			children = (
				877238132C592DB600E3908C /* MovieCollectionViewCell.swift */,
			);
			path = MovieCollectionViewCell;
			sourceTree = "<group>";
		};
		877238172C592E6800E3908C /* Extensions */ = {
			isa = PBXGroup;
			children = (
				877238182C592E7D00E3908C /* UIImageView.swift */,
			);
			path = Extensions;
			sourceTree = "<group>";
		};
		87C0871D2C5A90AF00366F73 /* Helpers */ = {
			isa = PBXGroup;
			children = (
				87C087382C5AA9F700366F73 /* Views */,
				87C087352C5AA9B200366F73 /* Factories */,
				87C087342C5AA9AD00366F73 /* Network */,
			);
			path = Helpers;
			sourceTree = "<group>";
		};
		87C087342C5AA9AD00366F73 /* Network */ = {
			isa = PBXGroup;
			children = (
				87C0871E2C5A90BA00366F73 /* MockNetworkService.swift */,
				87C087302C5AA3D200366F73 /* MockEndpoint.swift */,
				87C087322C5AA7FD00366F73 /* MockModel.swift */,
			);
			path = Network;
			sourceTree = "<group>";
		};
		87C087352C5AA9B200366F73 /* Factories */ = {
			isa = PBXGroup;
			children = (
				87C087362C5AA9B600366F73 /* MockMoviesListFactory.swift */,
				87C0873D2C5AAB5800366F73 /* MockMovieDetailsFactory.swift */,
			);
			path = Factories;
			sourceTree = "<group>";
		};
		87C087382C5AA9F700366F73 /* Views */ = {
			isa = PBXGroup;
			children = (
				87C087392C5AAA0200366F73 /* MockMoviesListViewController.swift */,
				87C0873B2C5AAB4B00366F73 /* MockMovieDetailsViewController.swift */,
			);
			path = Views;
			sourceTree = "<group>";
		};
/* End PBXGroup section */

/* Begin PBXNativeTarget section */
		876745B22C5988D200AC66C4 /* Vama-TaskTests */ = {
			isa = PBXNativeTarget;
			buildConfigurationList = 876745B92C5988D200AC66C4 /* Build configuration list for PBXNativeTarget "Vama-TaskTests" */;
			buildPhases = (
				876745AF2C5988D200AC66C4 /* Sources */,
				876745B02C5988D200AC66C4 /* Frameworks */,
				876745B12C5988D200AC66C4 /* Resources */,
			);
			buildRules = (
			);
			dependencies = (
				876745B82C5988D200AC66C4 /* PBXTargetDependency */,
			);
			name = "Vama-TaskTests";
			productName = "Vama-TaskTests";
			productReference = 876745B32C5988D200AC66C4 /* Vama-TaskTests.xctest */;
			productType = "com.apple.product-type.bundle.unit-test";
		};
		877237A32C58149400E3908C /* Vama-Task */ = {
			isa = PBXNativeTarget;
			buildConfigurationList = 877237B82C58149600E3908C /* Build configuration list for PBXNativeTarget "Vama-Task" */;
			buildPhases = (
				877237A02C58149400E3908C /* Sources */,
				877237A12C58149400E3908C /* Frameworks */,
				877237A22C58149400E3908C /* Resources */,
			);
			buildRules = (
			);
			dependencies = (
			);
			name = "Vama-Task";
			packageProductDependencies = (
				877237F82C58FBD900E3908C /* Alamofire */,
				877237FA2C58FBD900E3908C /* AlamofireDynamic */,
				877238102C592DA300E3908C /* Kingfisher */,
			);
			productName = "Vama-Task";
			productReference = 877237A42C58149400E3908C /* Vama-Task.app */;
			productType = "com.apple.product-type.application";
		};
/* End PBXNativeTarget section */

/* Begin PBXProject section */
		8772379C2C58149400E3908C /* Project object */ = {
			isa = PBXProject;
			attributes = {
				BuildIndependentTargetsInParallel = 1;
				LastSwiftUpdateCheck = 1520;
				LastUpgradeCheck = 1520;
				TargetAttributes = {
					876745B22C5988D200AC66C4 = {
						CreatedOnToolsVersion = 15.2;
						LastSwiftMigration = 1520;
						TestTargetID = 877237A32C58149400E3908C;
					};
					877237A32C58149400E3908C = {
						CreatedOnToolsVersion = 15.2;
					};
				};
			};
			buildConfigurationList = 8772379F2C58149400E3908C /* Build configuration list for PBXProject "Vama-Task" */;
			compatibilityVersion = "Xcode 14.0";
			developmentRegion = en;
			hasScannedForEncodings = 0;
			knownRegions = (
				en,
				Base,
			);
			mainGroup = 8772379B2C58149400E3908C;
			packageReferences = (
				877237F72C58FBD900E3908C /* XCRemoteSwiftPackageReference "Alamofire" */,
				8772380F2C592DA200E3908C /* XCRemoteSwiftPackageReference "Kingfisher" */,
			);
			productRefGroup = 877237A52C58149400E3908C /* Products */;
			projectDirPath = "";
			projectRoot = "";
			targets = (
				877237A32C58149400E3908C /* Vama-Task */,
				876745B22C5988D200AC66C4 /* Vama-TaskTests */,
			);
		};
/* End PBXProject section */

/* Begin PBXResourcesBuildPhase section */
		876745B12C5988D200AC66C4 /* Resources */ = {
			isa = PBXResourcesBuildPhase;
			buildActionMask = 2147483647;
			files = (
			);
			runOnlyForDeploymentPostprocessing = 0;
		};
		877237A22C58149400E3908C /* Resources */ = {
			isa = PBXResourcesBuildPhase;
			buildActionMask = 2147483647;
			files = (
				877237B42C58149600E3908C /* LaunchScreen.storyboard in Resources */,
				877237B12C58149600E3908C /* Assets.xcassets in Resources */,
			);
			runOnlyForDeploymentPostprocessing = 0;
		};
/* End PBXResourcesBuildPhase section */

/* Begin PBXSourcesBuildPhase section */
		876745AF2C5988D200AC66C4 /* Sources */ = {
			isa = PBXSourcesBuildPhase;
			buildActionMask = 2147483647;
			files = (
				87C0873E2C5AAB5800366F73 /* MockMovieDetailsFactory.swift in Sources */,
				87C087272C5A91F300366F73 /* MoviesListRepositoryTests.swift in Sources */,
				87C087212C5A915D00366F73 /* NetworkTests.swift in Sources */,
				87C087312C5AA3D200366F73 /* MockEndpoint.swift in Sources */,
				87C087232C5A91D600366F73 /* MoviesListFactoryTests.swift in Sources */,
				87C087252C5A91E800366F73 /* MovieDetailsFactoryTests.swift in Sources */,
				87C087332C5AA7FD00366F73 /* MockModel.swift in Sources */,
				87C0871F2C5A90BA00366F73 /* MockNetworkService.swift in Sources */,
				87C0873A2C5AAA0200366F73 /* MockMoviesListViewController.swift in Sources */,
				87C087372C5AA9B600366F73 /* MockMoviesListFactory.swift in Sources */,
				87C087292C5A91FC00366F73 /* MovieDetailsRepositoryTests.swift in Sources */,
				87C0873C2C5AAB4B00366F73 /* MockMovieDetailsViewController.swift in Sources */,
			);
			runOnlyForDeploymentPostprocessing = 0;
		};
		877237A02C58149400E3908C /* Sources */ = {
			isa = PBXSourcesBuildPhase;
			buildActionMask = 2147483647;
			files = (
				876745A82C597BE900AC66C4 /* MovieDetailsViewModel.swift in Sources */,
				877237CE2C58199700E3908C /* MoviesListViewFactory.swift in Sources */,
				8772381B2C592F2100E3908C /* AppConstants.swift in Sources */,
				876745A62C597BD000AC66C4 /* MovieDetailsViewController.swift in Sources */,
				877238002C58FC2C00E3908C /* AlamofireNetworkManager.swift in Sources */,
				877238082C58FD0C00E3908C /* Movie.swift in Sources */,
				876745AE2C59822400AC66C4 /* MoviesListRouter.swift in Sources */,
				877237AC2C58149400E3908C /* MoviesListViewController.swift in Sources */,
				877237F62C58FBC900E3908C /* Endpoint.swift in Sources */,
				877238042C58FC5E00E3908C /* MoviesListRepository.swift in Sources */,
				876745AC2C597C1300AC66C4 /* MovieDetailsRepository.swift in Sources */,
				877237A82C58149400E3908C /* AppDelegate.swift in Sources */,
				8772380E2C5905E800E3908C /* MoviesEndpoint.swift in Sources */,
				876745AA2C597BFA00AC66C4 /* MovieDetailsFactory.swift in Sources */,
				877238192C592E7D00E3908C /* UIImageView.swift in Sources */,
				877237F32C58FBA600E3908C /* NetworkServiceProtocol.swift in Sources */,
				8772380A2C5902E400E3908C /* NetworkErrors.swift in Sources */,
				877237FE2C58FBFD00E3908C /* APIConstants.swift in Sources */,
				877237D22C5819A600E3908C /* ViewFactoryProtocol.swift in Sources */,
				877238142C592DB600E3908C /* MovieCollectionViewCell.swift in Sources */,
				877237AA2C58149400E3908C /* SceneDelegate.swift in Sources */,
				877237D52C5819D700E3908C /* MoviesListViewModel.swift in Sources */,
				8772381D2C5933EC00E3908C /* AlertFactory.swift in Sources */,
			);
			runOnlyForDeploymentPostprocessing = 0;
		};
/* End PBXSourcesBuildPhase section */

/* Begin PBXTargetDependency section */
		876745B82C5988D200AC66C4 /* PBXTargetDependency */ = {
			isa = PBXTargetDependency;
			target = 877237A32C58149400E3908C /* Vama-Task */;
			targetProxy = 876745B72C5988D200AC66C4 /* PBXContainerItemProxy */;
		};
/* End PBXTargetDependency section */

/* Begin PBXVariantGroup section */
		877237B22C58149600E3908C /* LaunchScreen.storyboard */ = {
			isa = PBXVariantGroup;
			children = (
				877237B32C58149600E3908C /* Base */,
			);
			name = LaunchScreen.storyboard;
			sourceTree = "<group>";
		};
/* End PBXVariantGroup section */

/* Begin XCBuildConfiguration section */
		876745BA2C5988D200AC66C4 /* Debug */ = {
			isa = XCBuildConfiguration;
			buildSettings = {
				BUNDLE_LOADER = "$(TEST_HOST)";
				CLANG_ENABLE_MODULES = YES;
				CODE_SIGN_STYLE = Automatic;
				CURRENT_PROJECT_VERSION = 1;
				DEVELOPMENT_TEAM = NF6L68DRU6;
				GENERATE_INFOPLIST_FILE = YES;
				MARKETING_VERSION = 1.0;
				PRODUCT_BUNDLE_IDENTIFIER = "com.iNoor.Vama-TaskTests";
				PRODUCT_NAME = "$(TARGET_NAME)";
				SWIFT_EMIT_LOC_STRINGS = NO;
				SWIFT_VERSION = 5.0;
				TARGETED_DEVICE_FAMILY = "1,2";
				TEST_HOST = "$(BUILT_PRODUCTS_DIR)/Vama-Task.app/$(BUNDLE_EXECUTABLE_FOLDER_PATH)/Vama-Task";
			};
			name = Debug;
		};
		876745BB2C5988D200AC66C4 /* Release */ = {
			isa = XCBuildConfiguration;
			buildSettings = {
				BUNDLE_LOADER = "$(TEST_HOST)";
				CLANG_ENABLE_MODULES = YES;
				CODE_SIGN_STYLE = Automatic;
				CURRENT_PROJECT_VERSION = 1;
				DEVELOPMENT_TEAM = NF6L68DRU6;
				GENERATE_INFOPLIST_FILE = YES;
				MARKETING_VERSION = 1.0;
				PRODUCT_BUNDLE_IDENTIFIER = "com.iNoor.Vama-TaskTests";
				PRODUCT_NAME = "$(TARGET_NAME)";
				SWIFT_EMIT_LOC_STRINGS = NO;
				SWIFT_OBJC_BRIDGING_HEADER = "Vama-TaskTests/Network/Vama-TaskTests-Bridging-Header.h";
				SWIFT_VERSION = 5.0;
				TARGETED_DEVICE_FAMILY = "1,2";
				TEST_HOST = "$(BUILT_PRODUCTS_DIR)/Vama-Task.app/$(BUNDLE_EXECUTABLE_FOLDER_PATH)/Vama-Task";
			};
			name = Release;
		};
		877237B62C58149600E3908C /* Debug */ = {
			isa = XCBuildConfiguration;
			buildSettings = {
				ALWAYS_SEARCH_USER_PATHS = NO;
				ASSETCATALOG_COMPILER_GENERATE_SWIFT_ASSET_SYMBOL_EXTENSIONS = YES;
				CLANG_ANALYZER_NONNULL = YES;
				CLANG_ANALYZER_NUMBER_OBJECT_CONVERSION = YES_AGGRESSIVE;
				CLANG_CXX_LANGUAGE_STANDARD = "gnu++20";
				CLANG_ENABLE_MODULES = YES;
				CLANG_ENABLE_OBJC_ARC = YES;
				CLANG_ENABLE_OBJC_WEAK = YES;
				CLANG_WARN_BLOCK_CAPTURE_AUTORELEASING = YES;
				CLANG_WARN_BOOL_CONVERSION = YES;
				CLANG_WARN_COMMA = YES;
				CLANG_WARN_CONSTANT_CONVERSION = YES;
				CLANG_WARN_DEPRECATED_OBJC_IMPLEMENTATIONS = YES;
				CLANG_WARN_DIRECT_OBJC_ISA_USAGE = YES_ERROR;
				CLANG_WARN_DOCUMENTATION_COMMENTS = YES;
				CLANG_WARN_EMPTY_BODY = YES;
				CLANG_WARN_ENUM_CONVERSION = YES;
				CLANG_WARN_INFINITE_RECURSION = YES;
				CLANG_WARN_INT_CONVERSION = YES;
				CLANG_WARN_NON_LITERAL_NULL_CONVERSION = YES;
				CLANG_WARN_OBJC_IMPLICIT_RETAIN_SELF = YES;
				CLANG_WARN_OBJC_LITERAL_CONVERSION = YES;
				CLANG_WARN_OBJC_ROOT_CLASS = YES_ERROR;
				CLANG_WARN_QUOTED_INCLUDE_IN_FRAMEWORK_HEADER = YES;
				CLANG_WARN_RANGE_LOOP_ANALYSIS = YES;
				CLANG_WARN_STRICT_PROTOTYPES = YES;
				CLANG_WARN_SUSPICIOUS_MOVE = YES;
				CLANG_WARN_UNGUARDED_AVAILABILITY = YES_AGGRESSIVE;
				CLANG_WARN_UNREACHABLE_CODE = YES;
				CLANG_WARN__DUPLICATE_METHOD_MATCH = YES;
				COPY_PHASE_STRIP = NO;
				DEBUG_INFORMATION_FORMAT = dwarf;
				ENABLE_STRICT_OBJC_MSGSEND = YES;
				ENABLE_TESTABILITY = YES;
				ENABLE_USER_SCRIPT_SANDBOXING = YES;
				GCC_C_LANGUAGE_STANDARD = gnu17;
				GCC_DYNAMIC_NO_PIC = NO;
				GCC_NO_COMMON_BLOCKS = YES;
				GCC_OPTIMIZATION_LEVEL = 0;
				GCC_PREPROCESSOR_DEFINITIONS = (
					"DEBUG=1",
					"$(inherited)",
				);
				GCC_WARN_64_TO_32_BIT_CONVERSION = YES;
				GCC_WARN_ABOUT_RETURN_TYPE = YES_ERROR;
				GCC_WARN_UNDECLARED_SELECTOR = YES;
				GCC_WARN_UNINITIALIZED_AUTOS = YES_AGGRESSIVE;
				GCC_WARN_UNUSED_FUNCTION = YES;
				GCC_WARN_UNUSED_VARIABLE = YES;
				IPHONEOS_DEPLOYMENT_TARGET = 17.2;
				LOCALIZATION_PREFERS_STRING_CATALOGS = YES;
				MTL_ENABLE_DEBUG_INFO = INCLUDE_SOURCE;
				MTL_FAST_MATH = YES;
				ONLY_ACTIVE_ARCH = YES;
				SDKROOT = iphoneos;
				SWIFT_ACTIVE_COMPILATION_CONDITIONS = "DEBUG $(inherited)";
				SWIFT_OPTIMIZATION_LEVEL = "-Onone";
			};
			name = Debug;
		};
		877237B72C58149600E3908C /* Release */ = {
			isa = XCBuildConfiguration;
			buildSettings = {
				ALWAYS_SEARCH_USER_PATHS = NO;
				ASSETCATALOG_COMPILER_GENERATE_SWIFT_ASSET_SYMBOL_EXTENSIONS = YES;
				CLANG_ANALYZER_NONNULL = YES;
				CLANG_ANALYZER_NUMBER_OBJECT_CONVERSION = YES_AGGRESSIVE;
				CLANG_CXX_LANGUAGE_STANDARD = "gnu++20";
				CLANG_ENABLE_MODULES = YES;
				CLANG_ENABLE_OBJC_ARC = YES;
				CLANG_ENABLE_OBJC_WEAK = YES;
				CLANG_WARN_BLOCK_CAPTURE_AUTORELEASING = YES;
				CLANG_WARN_BOOL_CONVERSION = YES;
				CLANG_WARN_COMMA = YES;
				CLANG_WARN_CONSTANT_CONVERSION = YES;
				CLANG_WARN_DEPRECATED_OBJC_IMPLEMENTATIONS = YES;
				CLANG_WARN_DIRECT_OBJC_ISA_USAGE = YES_ERROR;
				CLANG_WARN_DOCUMENTATION_COMMENTS = YES;
				CLANG_WARN_EMPTY_BODY = YES;
				CLANG_WARN_ENUM_CONVERSION = YES;
				CLANG_WARN_INFINITE_RECURSION = YES;
				CLANG_WARN_INT_CONVERSION = YES;
				CLANG_WARN_NON_LITERAL_NULL_CONVERSION = YES;
				CLANG_WARN_OBJC_IMPLICIT_RETAIN_SELF = YES;
				CLANG_WARN_OBJC_LITERAL_CONVERSION = YES;
				CLANG_WARN_OBJC_ROOT_CLASS = YES_ERROR;
				CLANG_WARN_QUOTED_INCLUDE_IN_FRAMEWORK_HEADER = YES;
				CLANG_WARN_RANGE_LOOP_ANALYSIS = YES;
				CLANG_WARN_STRICT_PROTOTYPES = YES;
				CLANG_WARN_SUSPICIOUS_MOVE = YES;
				CLANG_WARN_UNGUARDED_AVAILABILITY = YES_AGGRESSIVE;
				CLANG_WARN_UNREACHABLE_CODE = YES;
				CLANG_WARN__DUPLICATE_METHOD_MATCH = YES;
				COPY_PHASE_STRIP = NO;
				DEBUG_INFORMATION_FORMAT = "dwarf-with-dsym";
				ENABLE_NS_ASSERTIONS = NO;
				ENABLE_STRICT_OBJC_MSGSEND = YES;
				ENABLE_USER_SCRIPT_SANDBOXING = YES;
				GCC_C_LANGUAGE_STANDARD = gnu17;
				GCC_NO_COMMON_BLOCKS = YES;
				GCC_WARN_64_TO_32_BIT_CONVERSION = YES;
				GCC_WARN_ABOUT_RETURN_TYPE = YES_ERROR;
				GCC_WARN_UNDECLARED_SELECTOR = YES;
				GCC_WARN_UNINITIALIZED_AUTOS = YES_AGGRESSIVE;
				GCC_WARN_UNUSED_FUNCTION = YES;
				GCC_WARN_UNUSED_VARIABLE = YES;
				IPHONEOS_DEPLOYMENT_TARGET = 17.2;
				LOCALIZATION_PREFERS_STRING_CATALOGS = YES;
				MTL_ENABLE_DEBUG_INFO = NO;
				MTL_FAST_MATH = YES;
				SDKROOT = iphoneos;
				SWIFT_COMPILATION_MODE = wholemodule;
				VALIDATE_PRODUCT = YES;
			};
			name = Release;
		};
		877237B92C58149600E3908C /* Debug */ = {
			isa = XCBuildConfiguration;
			buildSettings = {
				ASSETCATALOG_COMPILER_APPICON_NAME = AppIcon;
				ASSETCATALOG_COMPILER_GLOBAL_ACCENT_COLOR_NAME = AccentColor;
				CODE_SIGN_STYLE = Automatic;
				CURRENT_PROJECT_VERSION = 1;
				DEVELOPMENT_TEAM = NF6L68DRU6;
				GENERATE_INFOPLIST_FILE = YES;
				INFOPLIST_FILE = "Vama-Task/Info.plist";
				INFOPLIST_KEY_UIApplicationSupportsIndirectInputEvents = YES;
				INFOPLIST_KEY_UILaunchStoryboardName = LaunchScreen;
				INFOPLIST_KEY_UIMainStoryboardFile = "";
				INFOPLIST_KEY_UISupportedInterfaceOrientations_iPad = "UIInterfaceOrientationPortrait UIInterfaceOrientationPortraitUpsideDown UIInterfaceOrientationLandscapeLeft UIInterfaceOrientationLandscapeRight";
				INFOPLIST_KEY_UISupportedInterfaceOrientations_iPhone = "UIInterfaceOrientationPortrait UIInterfaceOrientationLandscapeLeft UIInterfaceOrientationLandscapeRight";
				LD_RUNPATH_SEARCH_PATHS = (
					"$(inherited)",
					"@executable_path/Frameworks",
				);
				MARKETING_VERSION = 1.0;
				PRODUCT_BUNDLE_IDENTIFIER = "com.iNoor.Vama-Task";
				PRODUCT_NAME = "$(TARGET_NAME)";
				SWIFT_EMIT_LOC_STRINGS = YES;
				SWIFT_VERSION = 5.0;
				TARGETED_DEVICE_FAMILY = "1,2";
			};
			name = Debug;
		};
		877237BA2C58149600E3908C /* Release */ = {
			isa = XCBuildConfiguration;
			buildSettings = {
				ASSETCATALOG_COMPILER_APPICON_NAME = AppIcon;
				ASSETCATALOG_COMPILER_GLOBAL_ACCENT_COLOR_NAME = AccentColor;
				CODE_SIGN_STYLE = Automatic;
				CURRENT_PROJECT_VERSION = 1;
				DEVELOPMENT_TEAM = NF6L68DRU6;
				GENERATE_INFOPLIST_FILE = YES;
				INFOPLIST_FILE = "Vama-Task/Info.plist";
				INFOPLIST_KEY_UIApplicationSupportsIndirectInputEvents = YES;
				INFOPLIST_KEY_UILaunchStoryboardName = LaunchScreen;
				INFOPLIST_KEY_UIMainStoryboardFile = "";
				INFOPLIST_KEY_UISupportedInterfaceOrientations_iPad = "UIInterfaceOrientationPortrait UIInterfaceOrientationPortraitUpsideDown UIInterfaceOrientationLandscapeLeft UIInterfaceOrientationLandscapeRight";
				INFOPLIST_KEY_UISupportedInterfaceOrientations_iPhone = "UIInterfaceOrientationPortrait UIInterfaceOrientationLandscapeLeft UIInterfaceOrientationLandscapeRight";
				LD_RUNPATH_SEARCH_PATHS = (
					"$(inherited)",
					"@executable_path/Frameworks",
				);
				MARKETING_VERSION = 1.0;
				PRODUCT_BUNDLE_IDENTIFIER = "com.iNoor.Vama-Task";
				PRODUCT_NAME = "$(TARGET_NAME)";
				SWIFT_EMIT_LOC_STRINGS = YES;
				SWIFT_VERSION = 5.0;
				TARGETED_DEVICE_FAMILY = "1,2";
			};
			name = Release;
		};
/* End XCBuildConfiguration section */

/* Begin XCConfigurationList section */
		876745B92C5988D200AC66C4 /* Build configuration list for PBXNativeTarget "Vama-TaskTests" */ = {
			isa = XCConfigurationList;
			buildConfigurations = (
				876745BA2C5988D200AC66C4 /* Debug */,
				876745BB2C5988D200AC66C4 /* Release */,
			);
			defaultConfigurationIsVisible = 0;
			defaultConfigurationName = Release;
		};
		8772379F2C58149400E3908C /* Build configuration list for PBXProject "Vama-Task" */ = {
			isa = XCConfigurationList;
			buildConfigurations = (
				877237B62C58149600E3908C /* Debug */,
				877237B72C58149600E3908C /* Release */,
			);
			defaultConfigurationIsVisible = 0;
			defaultConfigurationName = Release;
		};
		877237B82C58149600E3908C /* Build configuration list for PBXNativeTarget "Vama-Task" */ = {
			isa = XCConfigurationList;
			buildConfigurations = (
				877237B92C58149600E3908C /* Debug */,
				877237BA2C58149600E3908C /* Release */,
			);
			defaultConfigurationIsVisible = 0;
			defaultConfigurationName = Release;
		};
/* End XCConfigurationList section */

/* Begin XCRemoteSwiftPackageReference section */
		877237F72C58FBD900E3908C /* XCRemoteSwiftPackageReference "Alamofire" */ = {
			isa = XCRemoteSwiftPackageReference;
			repositoryURL = "https://github.com/Alamofire/Alamofire.git";
			requirement = {
				kind = upToNextMajorVersion;
				minimumVersion = 5.9.1;
			};
		};
		8772380F2C592DA200E3908C /* XCRemoteSwiftPackageReference "Kingfisher" */ = {
			isa = XCRemoteSwiftPackageReference;
			repositoryURL = "https://github.com/onevcat/Kingfisher.git";
			requirement = {
				kind = upToNextMajorVersion;
				minimumVersion = 7.12.0;
			};
		};
/* End XCRemoteSwiftPackageReference section */

/* Begin XCSwiftPackageProductDependency section */
		877237F82C58FBD900E3908C /* Alamofire */ = {
			isa = XCSwiftPackageProductDependency;
			package = 877237F72C58FBD900E3908C /* XCRemoteSwiftPackageReference "Alamofire" */;
			productName = Alamofire;
		};
		877237FA2C58FBD900E3908C /* AlamofireDynamic */ = {
			isa = XCSwiftPackageProductDependency;
			package = 877237F72C58FBD900E3908C /* XCRemoteSwiftPackageReference "Alamofire" */;
			productName = AlamofireDynamic;
		};
		877238102C592DA300E3908C /* Kingfisher */ = {
			isa = XCSwiftPackageProductDependency;
			package = 8772380F2C592DA200E3908C /* XCRemoteSwiftPackageReference "Kingfisher" */;
			productName = Kingfisher;
		};
/* End XCSwiftPackageProductDependency section */
	};
	rootObject = 8772379C2C58149400E3908C /* Project object */;
}
